
Microsoft Visual Studio Solution File, Format Version 12.00
# Visual Studio Version 17
VisualStudioVersion = 17.7.34031.279
MinimumVisualStudioVersion = 10.0.40219.1
Project("{FAE04EC0-301F-11D3-BF4B-00C04F79EFBC}") = "Model", "Model\Model.csproj", "{9937F8EF-D9CC-428A-B6C2-218128FEB927}"
EndProject
Project("{FAE04EC0-301F-11D3-BF4B-00C04F79EFBC}") = "CourseProject", "CourseProject\CourseProject.csproj", "{6FCDC2A7-53B3-4144-8480-B7F06539645C}"
EndProject
Project("{FAE04EC0-301F-11D3-BF4B-00C04F79EFBC}") = "Main", "Main\Main.csproj", "{03F77466-B9E1-4FFB-B424-6507DB0D4666}"
EndProject
Global
	GlobalSection(SolutionConfigurationPlatforms) = preSolution
		Debug|Any CPU = Debug|Any CPU
		Release|Any CPU = Release|Any CPU
	EndGlobalSection
	GlobalSection(ProjectConfigurationPlatforms) = postSolution
		{9937F8EF-D9CC-428A-B6C2-218128FEB927}.Debug|Any CPU.ActiveCfg = Debug|Any CPU
		{9937F8EF-D9CC-428A-B6C2-218128FEB927}.Debug|Any CPU.Build.0 = Debug|Any CPU
		{9937F8EF-D9CC-428A-B6C2-218128FEB927}.Release|Any CPU.ActiveCfg = Release|Any CPU
		{9937F8EF-D9CC-428A-B6C2-218128FEB927}.Release|Any CPU.Build.0 = Release|Any CPU
		{6FCDC2A7-53B3-4144-8480-B7F06539645C}.Debug|Any CPU.ActiveCfg = Debug|Any CPU
		{6FCDC2A7-53B3-4144-8480-B7F06539645C}.Debug|Any CPU.Build.0 = Debug|Any CPU
		{6FCDC2A7-53B3-4144-8480-B7F06539645C}.Release|Any CPU.ActiveCfg = Release|Any CPU
		{6FCDC2A7-53B3-4144-8480-B7F06539645C}.Release|Any CPU.Build.0 = Release|Any CPU
		{03F77466-B9E1-4FFB-B424-6507DB0D4666}.Debug|Any CPU.ActiveCfg = Debug|Any CPU
		{03F77466-B9E1-4FFB-B424-6507DB0D4666}.Debug|Any CPU.Build.0 = Debug|Any CPU
		{03F77466-B9E1-4FFB-B424-6507DB0D4666}.Release|Any CPU.ActiveCfg = Release|Any CPU
		{03F77466-B9E1-4FFB-B424-6507DB0D4666}.Release|Any CPU.Build.0 = Release|Any CPU
	EndGlobalSection
	GlobalSection(SolutionProperties) = preSolution
		HideSolutionNode = FALSE
	EndGlobalSection
	GlobalSection(ExtensibilityGlobals) = postSolution
		SolutionGuid = {81432B90-1532-4819-BB03-EFEB52F3A744}
	EndGlobalSection
EndGlobal
